// !$*UTF8*$!
{
	archiveVersion = 1;
	classes = {
	};
	objectVersion = 46;
	objects = {

/* Begin PBXBuildFile section */
		7F0025941EA17CA700134C8D /* FoodTableViewCell.swift in Sources */ = {isa = PBXBuildFile; fileRef = 7F0025931EA17CA700134C8D /* FoodTableViewCell.swift */; };
		7F0025981EA1A36300134C8D /* salad.png in Resources */ = {isa = PBXBuildFile; fileRef = 7F0025961EA1A36300134C8D /* salad.png */; };
		7F194FD11EABEDE5007B2E6A /* AddItemViewController.swift in Sources */ = {isa = PBXBuildFile; fileRef = 7F194FD01EABEDE5007B2E6A /* AddItemViewController.swift */; };
		7F1CD8021EA1EA7A00334564 /* chef.png in Resources */ = {isa = PBXBuildFile; fileRef = 7F1CD8011EA1EA7A00334564 /* chef.png */; };
		7F1CD8041EA1EAD000334564 /* pasta.png in Resources */ = {isa = PBXBuildFile; fileRef = 7F1CD8031EA1EAD000334564 /* pasta.png */; };
		7F1CD8061EA1EB0100334564 /* grill.png in Resources */ = {isa = PBXBuildFile; fileRef = 7F1CD8051EA1EB0100334564 /* grill.png */; };
		7F1CD8081EA1ED4200334564 /* sandwich.png in Resources */ = {isa = PBXBuildFile; fileRef = 7F1CD8071EA1ED4200334564 /* sandwich.png */; };
		7F1CD80A1EA1EE5A00334564 /* tray.png in Resources */ = {isa = PBXBuildFile; fileRef = 7F1CD8091EA1EE5A00334564 /* tray.png */; };
		7F34A0AD1EAC4CBE005A3DA8 /* FoodTableViewController.swift in Sources */ = {isa = PBXBuildFile; fileRef = 7F34A0AC1EAC4CBE005A3DA8 /* FoodTableViewController.swift */; };
		7F369F811EA2B0E400DFF690 /* ItemViewController.swift in Sources */ = {isa = PBXBuildFile; fileRef = 7F369F801EA2B0E400DFF690 /* ItemViewController.swift */; };
		7F3941271E7A23CD008F182A /* TimeViewController.swift in Sources */ = {isa = PBXBuildFile; fileRef = 7F3941261E7A23CD008F182A /* TimeViewController.swift */; };
		7F7F2F031E79AF1000652BE3 /* AppDelegate.swift in Sources */ = {isa = PBXBuildFile; fileRef = 7F7F2F021E79AF1000652BE3 /* AppDelegate.swift */; };
		7F7F2F051E79AF1000652BE3 /* ViewController.swift in Sources */ = {isa = PBXBuildFile; fileRef = 7F7F2F041E79AF1000652BE3 /* ViewController.swift */; };
		7F7F2F081E79AF1000652BE3 /* Main.storyboard in Resources */ = {isa = PBXBuildFile; fileRef = 7F7F2F061E79AF1000652BE3 /* Main.storyboard */; };
		7F7F2F0B1E79AF1000652BE3 /* menu.xcdatamodeld in Sources */ = {isa = PBXBuildFile; fileRef = 7F7F2F091E79AF1000652BE3 /* menu.xcdatamodeld */; };
		7F7F2F0D1E79AF1000652BE3 /* Assets.xcassets in Resources */ = {isa = PBXBuildFile; fileRef = 7F7F2F0C1E79AF1000652BE3 /* Assets.xcassets */; };
		7F7F2F101E79AF1000652BE3 /* LaunchScreen.storyboard in Resources */ = {isa = PBXBuildFile; fileRef = 7F7F2F0E1E79AF1000652BE3 /* LaunchScreen.storyboard */; };
		7FEDA2A01E908273005089AB /* FoodViewController.swift in Sources */ = {isa = PBXBuildFile; fileRef = 7FEDA29F1E908273005089AB /* FoodViewController.swift */; };
/* End PBXBuildFile section */

/* Begin PBXFileReference section */
		7F0025931EA17CA700134C8D /* FoodTableViewCell.swift */ = {isa = PBXFileReference; fileEncoding = 4; lastKnownFileType = sourcecode.swift; path = FoodTableViewCell.swift; sourceTree = "<group>"; };
		7F0025961EA1A36300134C8D /* salad.png */ = {isa = PBXFileReference; lastKnownFileType = image.png; path = salad.png; sourceTree = "<group>"; };
		7F194FD01EABEDE5007B2E6A /* AddItemViewController.swift */ = {isa = PBXFileReference; fileEncoding = 4; lastKnownFileType = sourcecode.swift; path = AddItemViewController.swift; sourceTree = "<group>"; };
		7F1CD8011EA1EA7A00334564 /* chef.png */ = {isa = PBXFileReference; lastKnownFileType = image.png; path = chef.png; sourceTree = "<group>"; };
		7F1CD8031EA1EAD000334564 /* pasta.png */ = {isa = PBXFileReference; lastKnownFileType = image.png; path = pasta.png; sourceTree = "<group>"; };
		7F1CD8051EA1EB0100334564 /* grill.png */ = {isa = PBXFileReference; lastKnownFileType = image.png; path = grill.png; sourceTree = "<group>"; };
		7F1CD8071EA1ED4200334564 /* sandwich.png */ = {isa = PBXFileReference; lastKnownFileType = image.png; path = sandwich.png; sourceTree = "<group>"; };
		7F1CD8091EA1EE5A00334564 /* tray.png */ = {isa = PBXFileReference; lastKnownFileType = image.png; path = tray.png; sourceTree = "<group>"; };
		7F34A0AC1EAC4CBE005A3DA8 /* FoodTableViewController.swift */ = {isa = PBXFileReference; fileEncoding = 4; lastKnownFileType = sourcecode.swift; path = FoodTableViewController.swift; sourceTree = "<group>"; };
		7F369F801EA2B0E400DFF690 /* ItemViewController.swift */ = {isa = PBXFileReference; fileEncoding = 4; lastKnownFileType = sourcecode.swift; name = ItemViewController.swift; path = ../ItemViewController.swift; sourceTree = "<group>"; };
		7F3941261E7A23CD008F182A /* TimeViewController.swift */ = {isa = PBXFileReference; fileEncoding = 4; lastKnownFileType = sourcecode.swift; path = TimeViewController.swift; sourceTree = "<group>"; };
		7F7F2EFF1E79AF1000652BE3 /* menu.app */ = {isa = PBXFileReference; explicitFileType = wrapper.application; includeInIndex = 0; path = menu.app; sourceTree = BUILT_PRODUCTS_DIR; };
		7F7F2F021E79AF1000652BE3 /* AppDelegate.swift */ = {isa = PBXFileReference; lastKnownFileType = sourcecode.swift; path = AppDelegate.swift; sourceTree = "<group>"; };
		7F7F2F041E79AF1000652BE3 /* ViewController.swift */ = {isa = PBXFileReference; lastKnownFileType = sourcecode.swift; path = ViewController.swift; sourceTree = "<group>"; };
		7F7F2F071E79AF1000652BE3 /* Base */ = {isa = PBXFileReference; lastKnownFileType = file.storyboard; name = Base; path = Base.lproj/Main.storyboard; sourceTree = "<group>"; };
		7F7F2F0A1E79AF1000652BE3 /* menu.xcdatamodel */ = {isa = PBXFileReference; lastKnownFileType = wrapper.xcdatamodel; path = menu.xcdatamodel; sourceTree = "<group>"; };
		7F7F2F0C1E79AF1000652BE3 /* Assets.xcassets */ = {isa = PBXFileReference; lastKnownFileType = folder.assetcatalog; path = Assets.xcassets; sourceTree = "<group>"; };
		7F7F2F0F1E79AF1000652BE3 /* Base */ = {isa = PBXFileReference; lastKnownFileType = file.storyboard; name = Base; path = Base.lproj/LaunchScreen.storyboard; sourceTree = "<group>"; };
		7F7F2F111E79AF1000652BE3 /* Info.plist */ = {isa = PBXFileReference; lastKnownFileType = text.plist.xml; path = Info.plist; sourceTree = "<group>"; };
		7FEDA29F1E908273005089AB /* FoodViewController.swift */ = {isa = PBXFileReference; fileEncoding = 4; lastKnownFileType = sourcecode.swift; path = FoodViewController.swift; sourceTree = "<group>"; };
/* End PBXFileReference section */

/* Begin PBXFrameworksBuildPhase section */
		7F7F2EFC1E79AF1000652BE3 /* Frameworks */ = {
			isa = PBXFrameworksBuildPhase;
			buildActionMask = 2147483647;
			files = (
			);
			runOnlyForDeploymentPostprocessing = 0;
		};
/* End PBXFrameworksBuildPhase section */

/* Begin PBXGroup section */
		7F7F2EF61E79AF1000652BE3 = {
			isa = PBXGroup;
			children = (
				7F7F2F011E79AF1000652BE3 /* menu */,
				7F7F2F001E79AF1000652BE3 /* Products */,
			);
			sourceTree = "<group>";
		};
		7F7F2F001E79AF1000652BE3 /* Products */ = {
			isa = PBXGroup;
			children = (
				7F7F2EFF1E79AF1000652BE3 /* menu.app */,
			);
			name = Products;
			sourceTree = "<group>";
		};
		7F7F2F011E79AF1000652BE3 /* menu */ = {
			isa = PBXGroup;
			children = (
				7F369F801EA2B0E400DFF690 /* ItemViewController.swift */,
				7F34A0AC1EAC4CBE005A3DA8 /* FoodTableViewController.swift */,
				7F7F2F021E79AF1000652BE3 /* AppDelegate.swift */,
				7F7F2F041E79AF1000652BE3 /* ViewController.swift */,
				7F7F2F061E79AF1000652BE3 /* Main.storyboard */,
				7F194FD01EABEDE5007B2E6A /* AddItemViewController.swift */,
				7FEDA29F1E908273005089AB /* FoodViewController.swift */,
				7F0025931EA17CA700134C8D /* FoodTableViewCell.swift */,
				7F3941261E7A23CD008F182A /* TimeViewController.swift */,
				7F7F2F0C1E79AF1000652BE3 /* Assets.xcassets */,
				7F7F2F0E1E79AF1000652BE3 /* LaunchScreen.storyboard */,
				7F7F2F111E79AF1000652BE3 /* Info.plist */,
				7F7F2F091E79AF1000652BE3 /* menu.xcdatamodeld */,
				7F0025961EA1A36300134C8D /* salad.png */,
				7F1CD8011EA1EA7A00334564 /* chef.png */,
				7F1CD8031EA1EAD000334564 /* pasta.png */,
				7F1CD8051EA1EB0100334564 /* grill.png */,
				7F1CD8071EA1ED4200334564 /* sandwich.png */,
				7F1CD8091EA1EE5A00334564 /* tray.png */,
			);
			path = menu;
			sourceTree = "<group>";
		};
/* End PBXGroup section */

/* Begin PBXNativeTarget section */
		7F7F2EFE1E79AF1000652BE3 /* menu */ = {
			isa = PBXNativeTarget;
			buildConfigurationList = 7F7F2F141E79AF1000652BE3 /* Build configuration list for PBXNativeTarget "menu" */;
			buildPhases = (
				7F7F2EFB1E79AF1000652BE3 /* Sources */,
				7F7F2EFC1E79AF1000652BE3 /* Frameworks */,
				7F7F2EFD1E79AF1000652BE3 /* Resources */,
			);
			buildRules = (
			);
			dependencies = (
			);
			name = menu;
			productName = menu;
			productReference = 7F7F2EFF1E79AF1000652BE3 /* menu.app */;
			productType = "com.apple.product-type.application";
		};
/* End PBXNativeTarget section */

/* Begin PBXProject section */
		7F7F2EF71E79AF1000652BE3 /* Project object */ = {
			isa = PBXProject;
			attributes = {
				LastSwiftUpdateCheck = 0820;
				LastUpgradeCheck = 0820;
				ORGANIZATIONNAME = "Aliya Gangji";
				TargetAttributes = {
					7F7F2EFE1E79AF1000652BE3 = {
						CreatedOnToolsVersion = 8.2.1;
						ProvisioningStyle = Automatic;
					};
				};
			};
			buildConfigurationList = 7F7F2EFA1E79AF1000652BE3 /* Build configuration list for PBXProject "menu" */;
			compatibilityVersion = "Xcode 3.2";
			developmentRegion = English;
			hasScannedForEncodings = 0;
			knownRegions = (
				en,
				Base,
			);
			mainGroup = 7F7F2EF61E79AF1000652BE3;
			productRefGroup = 7F7F2F001E79AF1000652BE3 /* Products */;
			projectDirPath = "";
			projectRoot = "";
			targets = (
				7F7F2EFE1E79AF1000652BE3 /* menu */,
			);
		};
/* End PBXProject section */

/* Begin PBXResourcesBuildPhase section */
		7F7F2EFD1E79AF1000652BE3 /* Resources */ = {
			isa = PBXResourcesBuildPhase;
			buildActionMask = 2147483647;
			files = (
				7F1CD8081EA1ED4200334564 /* sandwich.png in Resources */,
				7F0025981EA1A36300134C8D /* salad.png in Resources */,
				7F1CD80A1EA1EE5A00334564 /* tray.png in Resources */,
				7F1CD8021EA1EA7A00334564 /* chef.png in Resources */,
				7F7F2F101E79AF1000652BE3 /* LaunchScreen.storyboard in Resources */,
				7F7F2F0D1E79AF1000652BE3 /* Assets.xcassets in Resources */,
				7F7F2F081E79AF1000652BE3 /* Main.storyboard in Resources */,
				7F1CD8061EA1EB0100334564 /* grill.png in Resources */,
				7F1CD8041EA1EAD000334564 /* pasta.png in Resources */,
			);
			runOnlyForDeploymentPostprocessing = 0;
		};
/* End PBXResourcesBuildPhase section */

/* Begin PBXSourcesBuildPhase section */
		7F7F2EFB1E79AF1000652BE3 /* Sources */ = {
			isa = PBXSourcesBuildPhase;
			buildActionMask = 2147483647;
			files = (
				7F369F811EA2B0E400DFF690 /* ItemViewController.swift in Sources */,
				7F34A0AD1EAC4CBE005A3DA8 /* FoodTableViewController.swift in Sources */,
				7F7F2F051E79AF1000652BE3 /* ViewController.swift in Sources */,
				7FEDA2A01E908273005089AB /* FoodViewController.swift in Sources */,
				7F3941271E7A23CD008F182A /* TimeViewController.swift in Sources */,
				7F7F2F0B1E79AF1000652BE3 /* menu.xcdatamodeld in Sources */,
				7F194FD11EABEDE5007B2E6A /* AddItemViewController.swift in Sources */,
				7F7F2F031E79AF1000652BE3 /* AppDelegate.swift in Sources */,
				7F0025941EA17CA700134C8D /* FoodTableViewCell.swift in Sources */,
			);
			runOnlyForDeploymentPostprocessing = 0;
		};
/* End PBXSourcesBuildPhase section */

/* Begin PBXVariantGroup section */
		7F7F2F061E79AF1000652BE3 /* Main.storyboard */ = {
			isa = PBXVariantGroup;
			children = (
				7F7F2F071E79AF1000652BE3 /* Base */,
			);
			name = Main.storyboard;
			sourceTree = "<group>";
		};
		7F7F2F0E1E79AF1000652BE3 /* LaunchScreen.storyboard */ = {
			isa = PBXVariantGroup;
			children = (
				7F7F2F0F1E79AF1000652BE3 /* Base */,
			);
			name = LaunchScreen.storyboard;
			sourceTree = "<group>";
		};
/* End PBXVariantGroup section */

/* Begin XCBuildConfiguration section */
		7F7F2F121E79AF1000652BE3 /* Debug */ = {
			isa = XCBuildConfiguration;
			buildSettings = {
				ALWAYS_SEARCH_USER_PATHS = NO;
				CLANG_ANALYZER_NONNULL = YES;
				CLANG_CXX_LANGUAGE_STANDARD = "gnu++0x";
				CLANG_CXX_LIBRARY = "libc++";
				CLANG_ENABLE_MODULES = YES;
				CLANG_ENABLE_OBJC_ARC = YES;
				CLANG_WARN_BOOL_CONVERSION = YES;
				CLANG_WARN_CONSTANT_CONVERSION = YES;
				CLANG_WARN_DIRECT_OBJC_ISA_USAGE = YES_ERROR;
				CLANG_WARN_DOCUMENTATION_COMMENTS = YES;
				CLANG_WARN_EMPTY_BODY = YES;
				CLANG_WARN_ENUM_CONVERSION = YES;
				CLANG_WARN_INFINITE_RECURSION = YES;
				CLANG_WARN_INT_CONVERSION = YES;
				CLANG_WARN_OBJC_ROOT_CLASS = YES_ERROR;
				CLANG_WARN_SUSPICIOUS_MOVE = YES;
				CLANG_WARN_UNREACHABLE_CODE = YES;
				CLANG_WARN__DUPLICATE_METHOD_MATCH = YES;
				"CODE_SIGN_IDENTITY[sdk=iphoneos*]" = "iPhone Developer";
				COPY_PHASE_STRIP = NO;
				DEBUG_INFORMATION_FORMAT = dwarf;
				ENABLE_STRICT_OBJC_MSGSEND = YES;
				ENABLE_TESTABILITY = YES;
				GCC_C_LANGUAGE_STANDARD = gnu99;
				GCC_DYNAMIC_NO_PIC = NO;
				GCC_NO_COMMON_BLOCKS = YES;
				GCC_OPTIMIZATION_LEVEL = 0;
				GCC_PREPROCESSOR_DEFINITIONS = (
					"DEBUG=1",
					"$(inherited)",
				);
				GCC_WARN_64_TO_32_BIT_CONVERSION = YES;
				GCC_WARN_ABOUT_RETURN_TYPE = YES_ERROR;
				GCC_WARN_UNDECLARED_SELECTOR = YES;
				GCC_WARN_UNINITIALIZED_AUTOS = YES_AGGRESSIVE;
				GCC_WARN_UNUSED_FUNCTION = YES;
				GCC_WARN_UNUSED_VARIABLE = YES;
				IPHONEOS_DEPLOYMENT_TARGET = 10.2;
				MTL_ENABLE_DEBUG_INFO = YES;
				ONLY_ACTIVE_ARCH = YES;
				SDKROOT = iphoneos;
				SWIFT_ACTIVE_COMPILATION_CONDITIONS = DEBUG;
				SWIFT_OPTIMIZATION_LEVEL = "-Onone";
			};
			name = Debug;
		};
		7F7F2F131E79AF1000652BE3 /* Release */ = {
			isa = XCBuildConfiguration;
			buildSettings = {
				ALWAYS_SEARCH_USER_PATHS = NO;
				CLANG_ANALYZER_NONNULL = YES;
				CLANG_CXX_LANGUAGE_STANDARD = "gnu++0x";
				CLANG_CXX_LIBRARY = "libc++";
				CLANG_ENABLE_MODULES = YES;
				CLANG_ENABLE_OBJC_ARC = YES;
				CLANG_WARN_BOOL_CONVERSION = YES;
				CLANG_WARN_CONSTANT_CONVERSION = YES;
				CLANG_WARN_DIRECT_OBJC_ISA_USAGE = YES_ERROR;
				CLANG_WARN_DOCUMENTATION_COMMENTS = YES;
				CLANG_WARN_EMPTY_BODY = YES;
				CLANG_WARN_ENUM_CONVERSION = YES;
				CLANG_WARN_INFINITE_RECURSION = YES;
				CLANG_WARN_INT_CONVERSION = YES;
				CLANG_WARN_OBJC_ROOT_CLASS = YES_ERROR;
				CLANG_WARN_SUSPICIOUS_MOVE = YES;
				CLANG_WARN_UNREACHABLE_CODE = YES;
				CLANG_WARN__DUPLICATE_METHOD_MATCH = YES;
				"CODE_SIGN_IDENTITY[sdk=iphoneos*]" = "iPhone Developer";
				COPY_PHASE_STRIP = NO;
				DEBUG_INFORMATION_FORMAT = "dwarf-with-dsym";
				ENABLE_NS_ASSERTIONS = NO;
				ENABLE_STRICT_OBJC_MSGSEND = YES;
				GCC_C_LANGUAGE_STANDARD = gnu99;
				GCC_NO_COMMON_BLOCKS = YES;
				GCC_WARN_64_TO_32_BIT_CONVERSION = YES;
				GCC_WARN_ABOUT_RETURN_TYPE = YES_ERROR;
				GCC_WARN_UNDECLARED_SELECTOR = YES;
				GCC_WARN_UNINITIALIZED_AUTOS = YES_AGGRESSIVE;
				GCC_WARN_UNUSED_FUNCTION = YES;
				GCC_WARN_UNUSED_VARIABLE = YES;
				IPHONEOS_DEPLOYMENT_TARGET = 10.2;
				MTL_ENABLE_DEBUG_INFO = NO;
				SDKROOT = iphoneos;
				SWIFT_OPTIMIZATION_LEVEL = "-Owholemodule";
				VALIDATE_PRODUCT = YES;
			};
			name = Release;
		};
		7F7F2F151E79AF1000652BE3 /* Debug */ = {
			isa = XCBuildConfiguration;
			buildSettings = {
				ASSETCATALOG_COMPILER_APPICON_NAME = AppIcon;
				INFOPLIST_FILE = menu/Info.plist;
				LD_RUNPATH_SEARCH_PATHS = "$(inherited) @executable_path/Frameworks";
				PRODUCT_BUNDLE_IDENTIFIER = com.aliyagangji.menu;
				PRODUCT_NAME = "$(TARGET_NAME)";
				SWIFT_VERSION = 3.0;
			};
			name = Debug;
		};
		7F7F2F161E79AF1000652BE3 /* Release */ = {
			isa = XCBuildConfiguration;
			buildSettings = {
				ASSETCATALOG_COMPILER_APPICON_NAME = AppIcon;
				INFOPLIST_FILE = menu/Info.plist;
				LD_RUNPATH_SEARCH_PATHS = "$(inherited) @executable_path/Frameworks";
				PRODUCT_BUNDLE_IDENTIFIER = com.aliyagangji.menu;
				PRODUCT_NAME = "$(TARGET_NAME)";
				SWIFT_VERSION = 3.0;
			};
			name = Release;
		};
/* End XCBuildConfiguration section */

/* Begin XCConfigurationList section */
		7F7F2EFA1E79AF1000652BE3 /* Build configuration list for PBXProject "menu" */ = {
			isa = XCConfigurationList;
			buildConfigurations = (
				7F7F2F121E79AF1000652BE3 /* Debug */,
				7F7F2F131E79AF1000652BE3 /* Release */,
			);
			defaultConfigurationIsVisible = 0;
			defaultConfigurationName = Release;
		};
		7F7F2F141E79AF1000652BE3 /* Build configuration list for PBXNativeTarget "menu" */ = {
			isa = XCConfigurationList;
			buildConfigurations = (
				7F7F2F151E79AF1000652BE3 /* Debug */,
				7F7F2F161E79AF1000652BE3 /* Release */,
			);
			defaultConfigurationIsVisible = 0;
			defaultConfigurationName = Release;
		};
/* End XCConfigurationList section */

/* Begin XCVersionGroup section */
		7F7F2F091E79AF1000652BE3 /* menu.xcdatamodeld */ = {
			isa = XCVersionGroup;
			children = (
				7F7F2F0A1E79AF1000652BE3 /* menu.xcdatamodel */,
			);
			currentVersion = 7F7F2F0A1E79AF1000652BE3 /* menu.xcdatamodel */;
			path = menu.xcdatamodeld;
			sourceTree = "<group>";
			versionGroupType = wrapper.xcdatamodel;
		};
/* End XCVersionGroup section */
	};
	rootObject = 7F7F2EF71E79AF1000652BE3 /* Project object */;
}
